
Microsoft Visual Studio Solution File, Format Version 12.00
# Visual Studio Version 17
VisualStudioVersion = 17.14.36616.10
MinimumVisualStudioVersion = 10.0.40219.1
Project("{FAE04EC0-301F-11D3-BF4B-00C04F79EFBC}") = "Lumina.Core", "Lumina.Core\Lumina.Core.csproj", "{421595C0-BF4B-46CC-8B4A-48B8BBE42EF9}"
EndProject
Project("{FAE04EC0-301F-11D3-BF4B-00C04F79EFBC}") = "Lumina.Data", "Lumina.Data\Lumina.Data.csproj", "{78027FF9-A8C4-444E-8A65-58237A3B4A62}"
EndProject
Project("{FAE04EC0-301F-11D3-BF4B-00C04F79EFBC}") = "Lumina.UI", "Lumina.UI\Lumina.UI.csproj", "{08DFDD87-709A-4B48-82A5-B2E5651FC743}"
EndProject
Project("{FAE04EC0-301F-11D3-BF4B-00C04F79EFBC}") = "Lumina.Shared", "Lumina.Shared\Lumina.Shared.csproj", "{AA6C9EC3-4419-43CD-A018-7D1EF07823BF}"
EndProject
Global
	GlobalSection(SolutionConfigurationPlatforms) = preSolution
		Debug|Any CPU = Debug|Any CPU
		Release|Any CPU = Release|Any CPU
	EndGlobalSection
	GlobalSection(ProjectConfigurationPlatforms) = postSolution
		{421595C0-BF4B-46CC-8B4A-48B8BBE42EF9}.Debug|Any CPU.ActiveCfg = Debug|Any CPU
		{421595C0-BF4B-46CC-8B4A-48B8BBE42EF9}.Debug|Any CPU.Build.0 = Debug|Any CPU
		{421595C0-BF4B-46CC-8B4A-48B8BBE42EF9}.Release|Any CPU.ActiveCfg = Release|Any CPU
		{421595C0-BF4B-46CC-8B4A-48B8BBE42EF9}.Release|Any CPU.Build.0 = Release|Any CPU
		{78027FF9-A8C4-444E-8A65-58237A3B4A62}.Debug|Any CPU.ActiveCfg = Debug|Any CPU
		{78027FF9-A8C4-444E-8A65-58237A3B4A62}.Debug|Any CPU.Build.0 = Debug|Any CPU
		{78027FF9-A8C4-444E-8A65-58237A3B4A62}.Release|Any CPU.ActiveCfg = Release|Any CPU
		{78027FF9-A8C4-444E-8A65-58237A3B4A62}.Release|Any CPU.Build.0 = Release|Any CPU
		{08DFDD87-709A-4B48-82A5-B2E5651FC743}.Debug|Any CPU.ActiveCfg = Debug|Any CPU
		{08DFDD87-709A-4B48-82A5-B2E5651FC743}.Debug|Any CPU.Build.0 = Debug|Any CPU
		{08DFDD87-709A-4B48-82A5-B2E5651FC743}.Release|Any CPU.ActiveCfg = Release|Any CPU
		{08DFDD87-709A-4B48-82A5-B2E5651FC743}.Release|Any CPU.Build.0 = Release|Any CPU
		{AA6C9EC3-4419-43CD-A018-7D1EF07823BF}.Debug|Any CPU.ActiveCfg = Debug|Any CPU
		{AA6C9EC3-4419-43CD-A018-7D1EF07823BF}.Debug|Any CPU.Build.0 = Debug|Any CPU
		{AA6C9EC3-4419-43CD-A018-7D1EF07823BF}.Release|Any CPU.ActiveCfg = Release|Any CPU
		{AA6C9EC3-4419-43CD-A018-7D1EF07823BF}.Release|Any CPU.Build.0 = Release|Any CPU
	EndGlobalSection
	GlobalSection(SolutionProperties) = preSolution
		HideSolutionNode = FALSE
	EndGlobalSection
	GlobalSection(ExtensibilityGlobals) = postSolution
		SolutionGuid = {B2A1776F-1B6A-4D9C-89F8-BE5E3C1CE82E}
	EndGlobalSection
EndGlobal
